
Microsoft Visual Studio Solution File, Format Version 12.00
# Visual Studio 15
VisualStudioVersion = 15.0.28307.168
MinimumVisualStudioVersion = 10.0.40219.1
Project("{FAE04EC0-301F-11D3-BF4B-00C04F79EFBC}") = "MaskEditBox", "MaskEditBox\MaskEditBox.csproj", "{F66073BD-554A-4A70-9BE3-45CB2647FDE7}"
EndProject
Global
	GlobalSection(SolutionConfigurationPlatforms) = preSolution
		Debug|Any CPU = Debug|Any CPU
		Release|Any CPU = Release|Any CPU
	EndGlobalSection
	GlobalSection(ProjectConfigurationPlatforms) = postSolution
		{F66073BD-554A-4A70-9BE3-45CB2647FDE7}.Debug|Any CPU.ActiveCfg = Debug|Any CPU
		{F66073BD-554A-4A70-9BE3-45CB2647FDE7}.Debug|Any CPU.Build.0 = Debug|Any CPU
		{F66073BD-554A-4A70-9BE3-45CB2647FDE7}.Release|Any CPU.ActiveCfg = Release|Any CPU
		{F66073BD-554A-4A70-9BE3-45CB2647FDE7}.Release|Any CPU.Build.0 = Release|Any CPU
	EndGlobalSection
	GlobalSection(SolutionProperties) = preSolution
		HideSolutionNode = FALSE
	EndGlobalSection
	GlobalSection(ExtensibilityGlobals) = postSolution
		SolutionGuid = {4220CA35-1EEA-4011-94A2-2C258EE57FC2}
	EndGlobalSection
EndGlobal
